
Microsoft Visual Studio Solution File, Format Version 12.00
# Visual Studio Version 16
VisualStudioVersion = 16.0.31624.102
MinimumVisualStudioVersion = 10.0.40219.1
Project("{FAE04EC0-301F-11D3-BF4B-00C04F79EFBC}") = "Clipboard Watcher", "Clipboard Watcher\Clipboard Watcher.csproj", "{31D133CD-C3A8-4101-BD0E-AAC51E113274}"
EndProject
Global
	GlobalSection(SolutionConfigurationPlatforms) = preSolution
		Debug|Any CPU = Debug|Any CPU
		Release|Any CPU = Release|Any CPU
	EndGlobalSection
	GlobalSection(ProjectConfigurationPlatforms) = postSolution
		{31D133CD-C3A8-4101-BD0E-AAC51E113274}.Debug|Any CPU.ActiveCfg = Debug|Any CPU
		{31D133CD-C3A8-4101-BD0E-AAC51E113274}.Debug|Any CPU.Build.0 = Debug|Any CPU
		{31D133CD-C3A8-4101-BD0E-AAC51E113274}.Release|Any CPU.ActiveCfg = Release|Any CPU
		{31D133CD-C3A8-4101-BD0E-AAC51E113274}.Release|Any CPU.Build.0 = Release|Any CPU
	EndGlobalSection
	GlobalSection(SolutionProperties) = preSolution
		HideSolutionNode = FALSE
	EndGlobalSection
	GlobalSection(ExtensibilityGlobals) = postSolution
		SolutionGuid = {57DB250A-57EC-4772-947F-D2E61C463ECB}
	EndGlobalSection
EndGlobal
